
Microsoft Visual Studio Solution File, Format Version 12.00
# Visual Studio Version 17
VisualStudioVersion = 17.3.32929.385
MinimumVisualStudioVersion = 10.0.40219.1
Project("{FAE04EC0-301F-11D3-BF4B-00C04F79EFBC}") = "PiedraPapelTijeras", "PiedraPapelTijeras\PiedraPapelTijeras.csproj", "{A7E7CE6E-76C7-48E9-BAA2-0B569F9E8E69}"
EndProject
Global
	GlobalSection(SolutionConfigurationPlatforms) = preSolution
		Debug|Any CPU = Debug|Any CPU
		Release|Any CPU = Release|Any CPU
	EndGlobalSection
	GlobalSection(ProjectConfigurationPlatforms) = postSolution
		{A7E7CE6E-76C7-48E9-BAA2-0B569F9E8E69}.Debug|Any CPU.ActiveCfg = Debug|Any CPU
		{A7E7CE6E-76C7-48E9-BAA2-0B569F9E8E69}.Debug|Any CPU.Build.0 = Debug|Any CPU
		{A7E7CE6E-76C7-48E9-BAA2-0B569F9E8E69}.Release|Any CPU.ActiveCfg = Release|Any CPU
		{A7E7CE6E-76C7-48E9-BAA2-0B569F9E8E69}.Release|Any CPU.Build.0 = Release|Any CPU
	EndGlobalSection
	GlobalSection(SolutionProperties) = preSolution
		HideSolutionNode = FALSE
	EndGlobalSection
	GlobalSection(ExtensibilityGlobals) = postSolution
		SolutionGuid = {2E75242E-926A-4125-BED0-405A17575587}
	EndGlobalSection
EndGlobal
